
Microsoft Visual Studio Solution File, Format Version 12.00
# Visual Studio 15
VisualStudioVersion = 15.0.28307.271
MinimumVisualStudioVersion = 10.0.40219.1
Project("{FAE04EC0-301F-11D3-BF4B-00C04F79EFBC}") = "People", "People\People.csproj", "{E3BB2FAA-A287-4DD3-B376-CBC92B834F8E}"
EndProject
Global
	GlobalSection(SolutionConfigurationPlatforms) = preSolution
		Debug|Any CPU = Debug|Any CPU
		Release|Any CPU = Release|Any CPU
	EndGlobalSection
	GlobalSection(ProjectConfigurationPlatforms) = postSolution
		{E3BB2FAA-A287-4DD3-B376-CBC92B834F8E}.Debug|Any CPU.ActiveCfg = Debug|Any CPU
		{E3BB2FAA-A287-4DD3-B376-CBC92B834F8E}.Debug|Any CPU.Build.0 = Debug|Any CPU
		{E3BB2FAA-A287-4DD3-B376-CBC92B834F8E}.Release|Any CPU.ActiveCfg = Release|Any CPU
		{E3BB2FAA-A287-4DD3-B376-CBC92B834F8E}.Release|Any CPU.Build.0 = Release|Any CPU
	EndGlobalSection
	GlobalSection(SolutionProperties) = preSolution
		HideSolutionNode = FALSE
	EndGlobalSection
	GlobalSection(ExtensibilityGlobals) = postSolution
		SolutionGuid = {C0911422-B7FF-4142-85FC-24539A32FF4D}
	EndGlobalSection
EndGlobal
